PODS:
  - BrickKit (2.5.0)
  - CollectionKit (2.0.2)
  - FSCalendar (2.7.9)
  - GoogleSignIn (4.2.0):
    - "GoogleToolboxForMac/NSDictionary+URLArguments (~> 2.1)"
    - "GoogleToolboxForMac/NSString+URLArguments (~> 2.1)"
    - GTMOAuth2 (~> 1.0)
    - GTMSessionFetcher/Core (~> 1.1)
  - GoogleToolboxForMac/DebugUtils (2.1.4):
    - GoogleToolboxForMac/Defines (= 2.1.4)
  - GoogleToolboxForMac/Defines (2.1.4)
  - "GoogleToolboxForMac/NSDictionary+URLArguments (2.1.4)":
    - GoogleToolboxForMac/DebugUtils (= 2.1.4)
    - GoogleToolboxForMac/Defines (= 2.1.4)
    - "GoogleToolboxForMac/NSString+URLArguments (= 2.1.4)"
  - "GoogleToolboxForMac/NSString+URLArguments (2.1.4)"
  - GTMOAuth2 (1.1.6):
    - GTMSessionFetcher (~> 1.1)
  - GTMSessionFetcher (1.2.0):
    - GTMSessionFetcher/Full (= 1.2.0)
  - GTMSessionFetcher/Core (1.2.0)
  - GTMSessionFetcher/Full (1.2.0):
    - GTMSessionFetcher/Core (= 1.2.0)
  - lottie-ios (2.5.0)
  - Popover (1.2.0)
  - QuickLayout (2.0.2)
  - ScalingCarousel (2.3)
  - SnapKit (4.0.0)
  - SwiftEntryKit (0.6.0):
    - QuickLayout (= 2.0.2)
  - ViewAnimator (2.1.2)

DEPENDENCIES:
  - BrickKit
  - CollectionKit
  - FSCalendar
  - GoogleSignIn
  - lottie-ios
  - Popover
  - ScalingCarousel
  - SnapKit (~> 4.0.0)
  - SwiftEntryKit (~> 0.6.0)
  - ViewAnimator

SPEC REPOS:
  https://github.com/cocoapods/specs.git:
    - BrickKit
    - CollectionKit
    - FSCalendar
    - GoogleSignIn
    - GoogleToolboxForMac
    - GTMOAuth2
    - GTMSessionFetcher
    - lottie-ios
    - Popover
    - QuickLayout
    - ScalingCarousel
    - SnapKit
    - SwiftEntryKit
    - ViewAnimator

SPEC CHECKSUMS:
  BrickKit: c020bbf868e9b389c2dabc041e50a8268b08ab5c
  CollectionKit: d8a22aa5084ab227cdbbcd7accb2e5c5f2ea31ec
  FSCalendar: a04b09f16f811bc92e82f3cf852a15225233b9d5
  GoogleSignIn: 591e46382014e591269f862ba6e7bc0fbd793532
  GoogleToolboxForMac: 91c824d21e85b31c2aae9bb011c5027c9b4e738f
  GTMOAuth2: c77fe325e4acd453837e72d91e3b5f13116857b2
  GTMSessionFetcher: 0c4baf0a73acd0041bf9f71ea018deedab5ea84e
  lottie-ios: d699fdee68d7b63e721d949388b015fef1aaa4ac
  Popover: 28c1ac8e937ab2b3965bd2da7dd18324357abc41
  QuickLayout: a730730b646b231fd4ef7cffaeb1e81fe0e1ca92
  ScalingCarousel: ee866c34c01b784b6edf9009f12ea73935517e3e
  SnapKit: a42d492c16e80209130a3379f73596c3454b7694
  SwiftEntryKit: ba070426598304c5773d84b54ed8b0763b5f2060
  ViewAnimator: 20df9a24a076c6ee78b77a4dbf1943808c94954e

PODFILE CHECKSUM: b0aa8689f1a91689952d903ce317c5408a3a85bd

COCOAPODS: 1.5.3
